
Microsoft Visual Studio Solution File, Format Version 12.00
# Visual Studio Version 17
VisualStudioVersion = 17.7.34202.233
MinimumVisualStudioVersion = 10.0.40219.1
Project("{9A19103F-16F7-4668-BE54-9A1E7A4F7556}") = "yt-dlp-WUI", "yt-dlp-WUI.csproj", "{CF827B60-7680-490C-A476-9E8F3B8F1BCB}"
EndProject
Global
	GlobalSection(SolutionConfigurationPlatforms) = preSolution
		Debug|Any CPU = Debug|Any CPU
		Release|Any CPU = Release|Any CPU
	EndGlobalSection
	GlobalSection(ProjectConfigurationPlatforms) = postSolution
		{CF827B60-7680-490C-A476-9E8F3B8F1BCB}.Debug|Any CPU.ActiveCfg = Debug|Any CPU
		{CF827B60-7680-490C-A476-9E8F3B8F1BCB}.Debug|Any CPU.Build.0 = Debug|Any CPU
		{CF827B60-7680-490C-A476-9E8F3B8F1BCB}.Release|Any CPU.ActiveCfg = Release|Any CPU
		{CF827B60-7680-490C-A476-9E8F3B8F1BCB}.Release|Any CPU.Build.0 = Release|Any CPU
	EndGlobalSection
	GlobalSection(SolutionProperties) = preSolution
		HideSolutionNode = FALSE
	EndGlobalSection
	GlobalSection(ExtensibilityGlobals) = postSolution
		SolutionGuid = {E0CEEC10-9BD6-4F0A-AC87-6EC59BD35EF2}
	EndGlobalSection
EndGlobal
